// !$*UTF8*$!
{
	archiveVersion = 1;
	classes = {
	};
	objectVersion = 50;
	objects = {

/* Begin PBXBuildFile section */
		8454396C20CA3917004B78ED /* AppDelegate.swift in Sources */ = {isa = PBXBuildFile; fileRef = 8454396B20CA3917004B78ED /* AppDelegate.swift */; };
		8454396E20CA3917004B78ED /* ViewController.swift in Sources */ = {isa = PBXBuildFile; fileRef = 8454396D20CA3917004B78ED /* ViewController.swift */; };
		8454397120CA3917004B78ED /* Main.storyboard in Resources */ = {isa = PBXBuildFile; fileRef = 8454396F20CA3917004B78ED /* Main.storyboard */; };
		8454397320CA3918004B78ED /* Assets.xcassets in Resources */ = {isa = PBXBuildFile; fileRef = 8454397220CA3918004B78ED /* Assets.xcassets */; };
		8454397620CA3918004B78ED /* LaunchScreen.storyboard in Resources */ = {isa = PBXBuildFile; fileRef = 8454397420CA3918004B78ED /* LaunchScreen.storyboard */; };
		8454397E20CA48B2004B78ED /* TodoViewModel.swift in Sources */ = {isa = PBXBuildFile; fileRef = 8454397D20CA48B2004B78ED /* TodoViewModel.swift */; };
		8454398220CBACF8004B78ED /* TodoitemTableViewCell.swift in Sources */ = {isa = PBXBuildFile; fileRef = 8454398020CBACF8004B78ED /* TodoitemTableViewCell.swift */; };
		8454398320CBACF8004B78ED /* TodoitemTableViewCell.xib in Resources */ = {isa = PBXBuildFile; fileRef = 8454398120CBACF8004B78ED /* TodoitemTableViewCell.xib */; };
/* End PBXBuildFile section */

/* Begin PBXFileReference section */
		8454396820CA3917004B78ED /* tableviewmvvm.app */ = {isa = PBXFileReference; explicitFileType = wrapper.application; includeInIndex = 0; path = tableviewmvvm.app; sourceTree = BUILT_PRODUCTS_DIR; };
		8454396B20CA3917004B78ED /* AppDelegate.swift */ = {isa = PBXFileReference; lastKnownFileType = sourcecode.swift; path = AppDelegate.swift; sourceTree = "<group>"; };
		8454396D20CA3917004B78ED /* ViewController.swift */ = {isa = PBXFileReference; lastKnownFileType = sourcecode.swift; path = ViewController.swift; sourceTree = "<group>"; };
		8454397020CA3917004B78ED /* Base */ = {isa = PBXFileReference; lastKnownFileType = file.storyboard; name = Base; path = Base.lproj/Main.storyboard; sourceTree = "<group>"; };
		8454397220CA3918004B78ED /* Assets.xcassets */ = {isa = PBXFileReference; lastKnownFileType = folder.assetcatalog; path = Assets.xcassets; sourceTree = "<group>"; };
		8454397520CA3918004B78ED /* Base */ = {isa = PBXFileReference; lastKnownFileType = file.storyboard; name = Base; path = Base.lproj/LaunchScreen.storyboard; sourceTree = "<group>"; };
		8454397720CA3918004B78ED /* Info.plist */ = {isa = PBXFileReference; lastKnownFileType = text.plist.xml; path = Info.plist; sourceTree = "<group>"; };
		8454397D20CA48B2004B78ED /* TodoViewModel.swift */ = {isa = PBXFileReference; lastKnownFileType = sourcecode.swift; path = TodoViewModel.swift; sourceTree = "<group>"; };
		8454398020CBACF8004B78ED /* TodoitemTableViewCell.swift */ = {isa = PBXFileReference; lastKnownFileType = sourcecode.swift; path = TodoitemTableViewCell.swift; sourceTree = "<group>"; };
		8454398120CBACF8004B78ED /* TodoitemTableViewCell.xib */ = {isa = PBXFileReference; lastKnownFileType = file.xib; path = TodoitemTableViewCell.xib; sourceTree = "<group>"; };
/* End PBXFileReference section */

/* Begin PBXFrameworksBuildPhase section */
		8454396520CA3917004B78ED /* Frameworks */ = {
			isa = PBXFrameworksBuildPhase;
			buildActionMask = 2147483647;
			files = (
			);
			runOnlyForDeploymentPostprocessing = 0;
		};
/* End PBXFrameworksBuildPhase section */

/* Begin PBXGroup section */
		8454395F20CA3917004B78ED = {
			isa = PBXGroup;
			children = (
				8454396A20CA3917004B78ED /* tableviewmvvm */,
				8454396920CA3917004B78ED /* Products */,
			);
			sourceTree = "<group>";
		};
		8454396920CA3917004B78ED /* Products */ = {
			isa = PBXGroup;
			children = (
				8454396820CA3917004B78ED /* tableviewmvvm.app */,
			);
			name = Products;
			sourceTree = "<group>";
		};
		8454396A20CA3917004B78ED /* tableviewmvvm */ = {
			isa = PBXGroup;
			children = (
				8454396B20CA3917004B78ED /* AppDelegate.swift */,
				8454396D20CA3917004B78ED /* ViewController.swift */,
				8454396F20CA3917004B78ED /* Main.storyboard */,
				8454397220CA3918004B78ED /* Assets.xcassets */,
				8454397420CA3918004B78ED /* LaunchScreen.storyboard */,
				8454397720CA3918004B78ED /* Info.plist */,
				8454397D20CA48B2004B78ED /* TodoViewModel.swift */,
				8454398020CBACF8004B78ED /* TodoitemTableViewCell.swift */,
				8454398120CBACF8004B78ED /* TodoitemTableViewCell.xib */,
			);
			path = tableviewmvvm;
			sourceTree = "<group>";
		};
/* End PBXGroup section */

/* Begin PBXNativeTarget section */
		8454396720CA3917004B78ED /* tableviewmvvm */ = {
			isa = PBXNativeTarget;
			buildConfigurationList = 8454397A20CA3918004B78ED /* Build configuration list for PBXNativeTarget "tableviewmvvm" */;
			buildPhases = (
				8454396420CA3917004B78ED /* Sources */,
				8454396520CA3917004B78ED /* Frameworks */,
				8454396620CA3917004B78ED /* Resources */,
			);
			buildRules = (
			);
			dependencies = (
			);
			name = tableviewmvvm;
			productName = tableviewmvvm;
			productReference = 8454396820CA3917004B78ED /* tableviewmvvm.app */;
			productType = "com.apple.product-type.application";
		};
/* End PBXNativeTarget section */

/* Begin PBXProject section */
		8454396020CA3917004B78ED /* Project object */ = {
			isa = PBXProject;
			attributes = {
				LastSwiftUpdateCheck = 0940;
				LastUpgradeCheck = 0940;
				ORGANIZATIONNAME = "Apple Macintosh";
				TargetAttributes = {
					8454396720CA3917004B78ED = {
						CreatedOnToolsVersion = 9.4;
					};
				};
			};
			buildConfigurationList = 8454396320CA3917004B78ED /* Build configuration list for PBXProject "tableviewmvvm" */;
			compatibilityVersion = "Xcode 9.3";
			developmentRegion = en;
			hasScannedForEncodings = 0;
			knownRegions = (
				en,
				Base,
			);
			mainGroup = 8454395F20CA3917004B78ED;
			productRefGroup = 8454396920CA3917004B78ED /* Products */;
			projectDirPath = "";
			projectRoot = "";
			targets = (
				8454396720CA3917004B78ED /* tableviewmvvm */,
			);
		};
/* End PBXProject section */

/* Begin PBXResourcesBuildPhase section */
		8454396620CA3917004B78ED /* Resources */ = {
			isa = PBXResourcesBuildPhase;
			buildActionMask = 2147483647;
			files = (
				8454397620CA3918004B78ED /* LaunchScreen.storyboard in Resources */,
				8454397320CA3918004B78ED /* Assets.xcassets in Resources */,
				8454398320CBACF8004B78ED /* TodoitemTableViewCell.xib in Resources */,
				8454397120CA3917004B78ED /* Main.storyboard in Resources */,
			);
			runOnlyForDeploymentPostprocessing = 0;
		};
/* End PBXResourcesBuildPhase section */

/* Begin PBXSourcesBuildPhase section */
		8454396420CA3917004B78ED /* Sources */ = {
			isa = PBXSourcesBuildPhase;
			buildActionMask = 2147483647;
			files = (
				8454397E20CA48B2004B78ED /* TodoViewModel.swift in Sources */,
				8454396E20CA3917004B78ED /* ViewController.swift in Sources */,
				8454398220CBACF8004B78ED /* TodoitemTableViewCell.swift in Sources */,
				8454396C20CA3917004B78ED /* AppDelegate.swift in Sources */,
			);
			runOnlyForDeploymentPostprocessing = 0;
		};
/* End PBXSourcesBuildPhase section */

/* Begin PBXVariantGroup section */
		8454396F20CA3917004B78ED /* Main.storyboard */ = {
			isa = PBXVariantGroup;
			children = (
				8454397020CA3917004B78ED /* Base */,
			);
			name = Main.storyboard;
			sourceTree = "<group>";
		};
		8454397420CA3918004B78ED /* LaunchScreen.storyboard */ = {
			isa = PBXVariantGroup;
			children = (
				8454397520CA3918004B78ED /* Base */,
			);
			name = LaunchScreen.storyboard;
			sourceTree = "<group>";
		};
/* End PBXVariantGroup section */

/* Begin XCBuildConfiguration section */
		8454397820CA3918004B78ED /* Debug */ = {
			isa = XCBuildConfiguration;
			buildSettings = {
				ALWAYS_SEARCH_USER_PATHS = NO;
				CLANG_ANALYZER_NONNULL = YES;
				CLANG_ANALYZER_NUMBER_OBJECT_CONVERSION = YES_AGGRESSIVE;
				CLANG_CXX_LANGUAGE_STANDARD = "gnu++14";
				CLANG_CXX_LIBRARY = "libc++";
				CLANG_ENABLE_MODULES = YES;
				CLANG_ENABLE_OBJC_ARC = YES;
				CLANG_ENABLE_OBJC_WEAK = YES;
				CLANG_WARN_BLOCK_CAPTURE_AUTORELEASING = YES;
				CLANG_WARN_BOOL_CONVERSION = YES;
				CLANG_WARN_COMMA = YES;
				CLANG_WARN_CONSTANT_CONVERSION = YES;
				CLANG_WARN_DEPRECATED_OBJC_IMPLEMENTATIONS = YES;
				CLANG_WARN_DIRECT_OBJC_ISA_USAGE = YES_ERROR;
				CLANG_WARN_DOCUMENTATION_COMMENTS = YES;
				CLANG_WARN_EMPTY_BODY = YES;
				CLANG_WARN_ENUM_CONVERSION = YES;
				CLANG_WARN_INFINITE_RECURSION = YES;
				CLANG_WARN_INT_CONVERSION = YES;
				CLANG_WARN_NON_LITERAL_NULL_CONVERSION = YES;
				CLANG_WARN_OBJC_IMPLICIT_RETAIN_SELF = YES;
				CLANG_WARN_OBJC_LITERAL_CONVERSION = YES;
				CLANG_WARN_OBJC_ROOT_CLASS = YES_ERROR;
				CLANG_WARN_RANGE_LOOP_ANALYSIS = YES;
				CLANG_WARN_STRICT_PROTOTYPES = YES;
				CLANG_WARN_SUSPICIOUS_MOVE = YES;
				CLANG_WARN_UNGUARDED_AVAILABILITY = YES_AGGRESSIVE;
				CLANG_WARN_UNREACHABLE_CODE = YES;
				CLANG_WARN__DUPLICATE_METHOD_MATCH = YES;
				CODE_SIGN_IDENTITY = "iPhone Developer";
				COPY_PHASE_STRIP = NO;
				DEBUG_INFORMATION_FORMAT = dwarf;
				ENABLE_STRICT_OBJC_MSGSEND = YES;
				ENABLE_TESTABILITY = YES;
				GCC_C_LANGUAGE_STANDARD = gnu11;
				GCC_DYNAMIC_NO_PIC = NO;
				GCC_NO_COMMON_BLOCKS = YES;
				GCC_OPTIMIZATION_LEVEL = 0;
				GCC_PREPROCESSOR_DEFINITIONS = (
					"DEBUG=1",
					"$(inherited)",
				);
				GCC_WARN_64_TO_32_BIT_CONVERSION = YES;
				GCC_WARN_ABOUT_RETURN_TYPE = YES_ERROR;
				GCC_WARN_UNDECLARED_SELECTOR = YES;
				GCC_WARN_UNINITIALIZED_AUTOS = YES_AGGRESSIVE;
				GCC_WARN_UNUSED_FUNCTION = YES;
				GCC_WARN_UNUSED_VARIABLE = YES;
				IPHONEOS_DEPLOYMENT_TARGET = 11.4;
				MTL_ENABLE_DEBUG_INFO = YES;
				ONLY_ACTIVE_ARCH = YES;
				SDKROOT = iphoneos;
				SWIFT_ACTIVE_COMPILATION_CONDITIONS = DEBUG;
				SWIFT_OPTIMIZATION_LEVEL = "-Onone";
			};
			name = Debug;
		};
		8454397920CA3918004B78ED /* Release */ = {
			isa = XCBuildConfiguration;
			buildSettings = {
				ALWAYS_SEARCH_USER_PATHS = NO;
				CLANG_ANALYZER_NONNULL = YES;
				CLANG_ANALYZER_NUMBER_OBJECT_CONVERSION = YES_AGGRESSIVE;
				CLANG_CXX_LANGUAGE_STANDARD = "gnu++14";
				CLANG_CXX_LIBRARY = "libc++";
				CLANG_ENABLE_MODULES = YES;
				CLANG_ENABLE_OBJC_ARC = YES;
				CLANG_ENABLE_OBJC_WEAK = YES;
				CLANG_WARN_BLOCK_CAPTURE_AUTORELEASING = YES;
				CLANG_WARN_BOOL_CONVERSION = YES;
				CLANG_WARN_COMMA = YES;
				CLANG_WARN_CONSTANT_CONVERSION = YES;
				CLANG_WARN_DEPRECATED_OBJC_IMPLEMENTATIONS = YES;
				CLANG_WARN_DIRECT_OBJC_ISA_USAGE = YES_ERROR;
				CLANG_WARN_DOCUMENTATION_COMMENTS = YES;
				CLANG_WARN_EMPTY_BODY = YES;
				CLANG_WARN_ENUM_CONVERSION = YES;
				CLANG_WARN_INFINITE_RECURSION = YES;
				CLANG_WARN_INT_CONVERSION = YES;
				CLANG_WARN_NON_LITERAL_NULL_CONVERSION = YES;
				CLANG_WARN_OBJC_IMPLICIT_RETAIN_SELF = YES;
				CLANG_WARN_OBJC_LITERAL_CONVERSION = YES;
				CLANG_WARN_OBJC_ROOT_CLASS = YES_ERROR;
				CLANG_WARN_RANGE_LOOP_ANALYSIS = YES;
				CLANG_WARN_STRICT_PROTOTYPES = YES;
				CLANG_WARN_SUSPICIOUS_MOVE = YES;
				CLANG_WARN_UNGUARDED_AVAILABILITY = YES_AGGRESSIVE;
				CLANG_WARN_UNREACHABLE_CODE = YES;
				CLANG_WARN__DUPLICATE_METHOD_MATCH = YES;
				CODE_SIGN_IDENTITY = "iPhone Developer";
				COPY_PHASE_STRIP = NO;
				DEBUG_INFORMATION_FORMAT = "dwarf-with-dsym";
				ENABLE_NS_ASSERTIONS = NO;
				ENABLE_STRICT_OBJC_MSGSEND = YES;
				GCC_C_LANGUAGE_STANDARD = gnu11;
				GCC_NO_COMMON_BLOCKS = YES;
				GCC_WARN_64_TO_32_BIT_CONVERSION = YES;
				GCC_WARN_ABOUT_RETURN_TYPE = YES_ERROR;
				GCC_WARN_UNDECLARED_SELECTOR = YES;
				GCC_WARN_UNINITIALIZED_AUTOS = YES_AGGRESSIVE;
				GCC_WARN_UNUSED_FUNCTION = YES;
				GCC_WARN_UNUSED_VARIABLE = YES;
				IPHONEOS_DEPLOYMENT_TARGET = 11.4;
				MTL_ENABLE_DEBUG_INFO = NO;
				SDKROOT = iphoneos;
				SWIFT_COMPILATION_MODE = wholemodule;
				SWIFT_OPTIMIZATION_LEVEL = "-O";
				VALIDATE_PRODUCT = YES;
			};
			name = Release;
		};
		8454397B20CA3918004B78ED /* Debug */ = {
			isa = XCBuildConfiguration;
			buildSettings = {
				ASSETCATALOG_COMPILER_APPICON_NAME = AppIcon;
				CODE_SIGN_STYLE = Automatic;
				DEVELOPMENT_TEAM = P36FZHCVL6;
				INFOPLIST_FILE = tableviewmvvm/Info.plist;
				LD_RUNPATH_SEARCH_PATHS = (
					"$(inherited)",
					"@executable_path/Frameworks",
				);
				PRODUCT_BUNDLE_IDENTIFIER = th.co.banana.tableviewmvvm;
				PRODUCT_NAME = "$(TARGET_NAME)";
				SWIFT_VERSION = 4.0;
				TARGETED_DEVICE_FAMILY = "1,2";
			};
			name = Debug;
		};
		8454397C20CA3918004B78ED /* Release */ = {
			isa = XCBuildConfiguration;
			buildSettings = {
				ASSETCATALOG_COMPILER_APPICON_NAME = AppIcon;
				CODE_SIGN_STYLE = Automatic;
				DEVELOPMENT_TEAM = P36FZHCVL6;
				INFOPLIST_FILE = tableviewmvvm/Info.plist;
				LD_RUNPATH_SEARCH_PATHS = (
					"$(inherited)",
					"@executable_path/Frameworks",
				);
				PRODUCT_BUNDLE_IDENTIFIER = th.co.banana.tableviewmvvm;
				PRODUCT_NAME = "$(TARGET_NAME)";
				SWIFT_VERSION = 4.0;
				TARGETED_DEVICE_FAMILY = "1,2";
			};
			name = Release;
		};
/* End XCBuildConfiguration section */

/* Begin XCConfigurationList section */
		8454396320CA3917004B78ED /* Build configuration list for PBXProject "tableviewmvvm" */ = {
			isa = XCConfigurationList;
			buildConfigurations = (
				8454397820CA3918004B78ED /* Debug */,
				8454397920CA3918004B78ED /* Release */,
			);
			defaultConfigurationIsVisible = 0;
			defaultConfigurationName = Release;
		};
		8454397A20CA3918004B78ED /* Build configuration list for PBXNativeTarget "tableviewmvvm" */ = {
			isa = XCConfigurationList;
			buildConfigurations = (
				8454397B20CA3918004B78ED /* Debug */,
				8454397C20CA3918004B78ED /* Release */,
			);
			defaultConfigurationIsVisible = 0;
			defaultConfigurationName = Release;
		};
/* End XCConfigurationList section */
	};
	rootObject = 8454396020CA3917004B78ED /* Project object */;
}
